
Microsoft Visual Studio Solution File, Format Version 12.00
# Visual Studio Version 17
VisualStudioVersion = 17.5.33209.295
MinimumVisualStudioVersion = 10.0.40219.1
Project("{FAE04EC0-301F-11D3-BF4B-00C04F79EFBC}") = "Azure.DotNet.Extensions", "Azure.DotNet.Extensions\Azure.DotNet.Extensions.csproj", "{0BB35482-AACA-4DCC-A707-2D764C930FAC}"
EndProject
Project("{2150E333-8FDC-42A3-9474-1A3956D46DE8}") = "EventHubs", "EventHubs", "{5570349D-571C-4777-B200-74390100CCCF}"
EndProject
Project("{2150E333-8FDC-42A3-9474-1A3956D46DE8}") = "EventGrid", "EventGrid", "{D95FF00A-3C48-4020-8054-BC95BAC7A7C8}"
EndProject
Project("{2150E333-8FDC-42A3-9474-1A3956D46DE8}") = "ServiceBus", "ServiceBus", "{1FD1A672-3104-43E7-9DF2-AA71EFC8812A}"
EndProject
Project("{2150E333-8FDC-42A3-9474-1A3956D46DE8}") = "Cosmos", "Cosmos", "{BC6374A4-BA34-419C-BFD2-6428B1008518}"
EndProject
Project("{2150E333-8FDC-42A3-9474-1A3956D46DE8}") = "Storage", "Storage", "{D5D9CBC5-26EB-4779-B9D6-11C23FAA614F}"
EndProject
Project("{2150E333-8FDC-42A3-9474-1A3956D46DE8}") = "IotHub", "IotHub", "{80EFE9C7-F4A6-40B5-A86C-211A36D9EA40}"
EndProject
Global
	GlobalSection(SolutionConfigurationPlatforms) = preSolution
		Debug|Any CPU = Debug|Any CPU
		Release|Any CPU = Release|Any CPU
	EndGlobalSection
	GlobalSection(ProjectConfigurationPlatforms) = postSolution
		{0BB35482-AACA-4DCC-A707-2D764C930FAC}.Debug|Any CPU.ActiveCfg = Debug|Any CPU
		{0BB35482-AACA-4DCC-A707-2D764C930FAC}.Debug|Any CPU.Build.0 = Debug|Any CPU
		{0BB35482-AACA-4DCC-A707-2D764C930FAC}.Release|Any CPU.ActiveCfg = Release|Any CPU
		{0BB35482-AACA-4DCC-A707-2D764C930FAC}.Release|Any CPU.Build.0 = Release|Any CPU
	EndGlobalSection
	GlobalSection(SolutionProperties) = preSolution
		HideSolutionNode = FALSE
	EndGlobalSection
	GlobalSection(ExtensibilityGlobals) = postSolution
		SolutionGuid = {A62B8FA5-7DD3-4FF7-92E9-80221FD32149}
	EndGlobalSection
EndGlobal
